{
    "_readme": [
        "This file locks the dependencies of your project to a known state",
        "Read more about it at https://getcomposer.org/doc/01-basic-usage.md#composer-lock-the-lock-file",
        "This file is @generated automatically"
    ],
    "content-hash": "ed784694b92a0ac08cd2a54c97e3eaa8",
    "packages": [
        {
            "name": "kukulich/fshl",
            "version": "2.1.0",
            "source": {
                "type": "git",
                "url": "https://github.com/kukulich/fshl.git",
                "reference": "974c294ade5d76c0c16b6fe3fd3a584ba999b24f"
            },
            "dist": {
                "type": "zip",
                "url": "https://api.github.com/repos/kukulich/fshl/zipball/974c294ade5d76c0c16b6fe3fd3a584ba999b24f",
                "reference": "974c294ade5d76c0c16b6fe3fd3a584ba999b24f",
                "shasum": ""
            },
            "require": {
                "php": ">=5.3"
            },
            "type": "library",
            "autoload": {
                "psr-0": {
                    "FSHL": "./"
                }
            },
            "notification-url": "https://packagist.org/downloads/",
            "license": [
                "GPL-2.0+"
            ],
            "authors": [
                {
                    "name": "Jaroslav Hanslík",
                    "homepage": "https://github.com/kukulich"
                }
            ],
            "description": "FSHL is a free, open source, universal, fast syntax highlighter written in PHP.",
            "homepage": "http://fshl.kukulich.cz/",
            "keywords": [
                "highlight",
                "library",
                "syntax"
            ],
            "time": "2012-09-08T19:00:07+00:00"
        },
        {
            "name": "mtdowling/cron-expression",
            "version": "v1.2.0",
            "source": {
                "type": "git",
                "url": "https://github.com/mtdowling/cron-expression.git",
                "reference": "9504fa9ea681b586028adaaa0877db4aecf32bad"
            },
            "dist": {
                "type": "zip",
                "url": "https://api.github.com/repos/mtdowling/cron-expression/zipball/9504fa9ea681b586028adaaa0877db4aecf32bad",
                "reference": "9504fa9ea681b586028adaaa0877db4aecf32bad",
                "shasum": ""
            },
            "require": {
                "php": ">=5.3.2"
            },
            "require-dev": {
                "phpunit/phpunit": "~4.0|~5.0"
            },
            "type": "library",
            "autoload": {
                "psr-4": {
                    "Cron\\": "src/Cron/"
                }
            },
            "notification-url": "https://packagist.org/downloads/",
            "license": [
                "MIT"
            ],
            "authors": [
                {
                    "name": "Michael Dowling",
                    "email": "mtdowling@gmail.com",
                    "homepage": "https://github.com/mtdowling"
                }
            ],
            "description": "CRON for PHP: Calculate the next or previous run date and determine if a CRON expression is due",
            "keywords": [
                "cron",
                "schedule"
            ],
            "time": "2017-01-23T04:29:33+00:00"
        },
        {
            "name": "t1gor/robots-txt-parser",
            "version": "v0.2.3",
            "source": {
                "type": "git",
                "url": "https://github.com/t1gor/Robots.txt-Parser-Class.git",
                "reference": "20dbf68534d042ffc3d4cf6381164d86087c806f"
            },
            "dist": {
                "type": "zip",
                "url": "https://api.github.com/repos/t1gor/Robots.txt-Parser-Class/zipball/20dbf68534d042ffc3d4cf6381164d86087c806f",
                "reference": "20dbf68534d042ffc3d4cf6381164d86087c806f",
                "shasum": ""
            },
            "require": {
                "ext-mbstring": "*",
                "php": ">=5.4.0"
            },
            "require-dev": {
                "codeclimate/php-test-reporter": ">=0.2",
                "phpunit/phpunit": ">=3.7"
            },
            "type": "library",
            "autoload": {
                "classmap": [
                    "source/robotstxtparser.php"
                ]
            },
            "notification-url": "https://packagist.org/downloads/",
            "license": [
                "MIT"
            ],
            "authors": [
                {
                    "name": "Igor Timoshenkov",
                    "email": "igor.timoshenkov@gmail.com",
                    "role": "creator"
                },
                {
                    "name": "Jan-Petter Gundersen",
                    "email": "europe.jpg@gmail.com",
                    "role": "contributor"
                }
            ],
            "description": "PHP class to parse robots.txt rules according to Google, Yandex, W3C and The Web Robots Pages specifications.",
            "homepage": "https://github.com/t1gor/Robots.txt-Parser-Class",
            "keywords": [
                "The Web Robots Pages",
                "W3C",
                "google",
                "parser",
                "robots.txt",
                "yandex"
            ],
            "time": "2016-08-10T19:04:18+00:00"
        }
    ],
    "packages-dev": [
        {
            "name": "microweber/screen",
            "version": "v1.0.6",
            "source": {
                "type": "git",
                "url": "https://github.com/microweber/screen.git",
                "reference": "a7865099d2fbb8960052cfb408b4cbe463b31774"
            },
            "dist": {
                "type": "zip",
                "url": "https://api.github.com/repos/microweber/screen/zipball/a7865099d2fbb8960052cfb408b4cbe463b31774",
                "reference": "a7865099d2fbb8960052cfb408b4cbe463b31774",
                "shasum": ""
            },
            "require": {
                "php": ">=5.3"
            },
            "require-dev": {
                "symfony/var-dumper": "~3.0"
            },
            "type": "library",
            "autoload": {
                "psr-4": {
                    "Screen\\": "src/"
                }
            },
            "notification-url": "https://packagist.org/downloads/",
            "license": [
                "MIT"
            ],
            "authors": [
                {
                    "name": "Peter Ivanov",
                    "email": "peter@microweber.com",
                    "homepage": "http://microweber.com"
                },
                {
                    "name": "André Filipe",
                    "email": "andre.r.flip@gmail.com",
                    "homepage": "http://masnathan.com"
                }
            ],
            "description": "A PHP Class to interact with PhantomJs and capture screenshot of a webpage",
            "keywords": [
                "capture",
                "phantomjs",
                "print-screen",
                "screen"
            ],
            "time": "2017-01-20T15:21:43+00:00"
        }
    ],
    "aliases": [],
    "minimum-stability": "dev",
    "stability-flags": [],
    "prefer-stable": false,
    "prefer-lowest": false,
    "platform": [],
    "platform-dev": []
}
