{
    "_readme": [
        "This file locks the dependencies of your project to a known state",
        "Read more about it at https://getcomposer.org/doc/01-basic-usage.md#composer-lock-the-lock-file",
        "This file is @generated automatically"
    ],
    "content-hash": "3bf0efd270f1fc1fbb0e1f7a07297de0",
    "packages": [
        {
            "name": "jakoch/phantomjs-installer",
            "version": "2.1.1",
            "source": {
                "type": "git",
                "url": "https://github.com/jakoch/phantomjs-installer.git",
                "reference": "b8ee2aac9b95f9a9ee30a05a4df4a0984a8a8b85"
            },
            "dist": {
                "type": "zip",
                "url": "https://api.github.com/repos/jakoch/phantomjs-installer/zipball/b8ee2aac9b95f9a9ee30a05a4df4a0984a8a8b85",
                "reference": "b8ee2aac9b95f9a9ee30a05a4df4a0984a8a8b85",
                "shasum": ""
            },
            "require": {
                "ext-openssl": "*"
            },
            "type": "custom-installer",
            "autoload": {
                "psr-0": {
                    "PhantomInstaller\\": "src/"
                }
            },
            "notification-url": "https://packagist.org/downloads/",
            "license": [
                "MIT"
            ],
            "authors": [
                {
                    "name": "Jens-André Koch",
                    "email": "jakoch@web.de"
                }
            ],
            "description": "A Composer package which installs the PhantomJS binary (Linux, Windows, Mac) into `/bin` of your project.",
            "keywords": [
                "binaries",
                "headless",
                "phantomjs"
            ],
            "time": "2016-01-25T16:30:30+00:00"
        },
        {
            "name": "microweber/screen",
            "version": "v1.0.6",
            "source": {
                "type": "git",
                "url": "https://github.com/microweber/screen.git",
                "reference": "a7865099d2fbb8960052cfb408b4cbe463b31774"
            },
            "dist": {
                "type": "zip",
                "url": "https://api.github.com/repos/microweber/screen/zipball/a7865099d2fbb8960052cfb408b4cbe463b31774",
                "reference": "a7865099d2fbb8960052cfb408b4cbe463b31774",
                "shasum": ""
            },
            "require": {
                "php": ">=5.3"
            },
            "require-dev": {
                "symfony/var-dumper": "~3.0"
            },
            "type": "library",
            "autoload": {
                "psr-4": {
                    "Screen\\": "src/"
                }
            },
            "notification-url": "https://packagist.org/downloads/",
            "license": [
                "MIT"
            ],
            "authors": [
                {
                    "name": "Peter Ivanov",
                    "email": "peter@microweber.com",
                    "homepage": "http://microweber.com"
                },
                {
                    "name": "André Filipe",
                    "email": "andre.r.flip@gmail.com",
                    "homepage": "http://masnathan.com"
                }
            ],
            "description": "A PHP Class to interact with PhantomJs and capture screenshot of a webpage",
            "keywords": [
                "capture",
                "phantomjs",
                "print-screen",
                "screen"
            ],
            "time": "2017-01-20T15:21:43+00:00"
        }
    ],
    "packages-dev": [],
    "aliases": [],
    "minimum-stability": "dev",
    "stability-flags": [],
    "prefer-stable": false,
    "prefer-lowest": false,
    "platform": [],
    "platform-dev": []
}
